Microsoft Visual Studio Solution File, Format Version 12.00
# Visual Studio Version 17
VisualStudioVersion = 17.5.2.0
MinimumVisualStudioVersion = 10.0.40219.1
Project("{FAE04EC0-301F-11D3-BF4B-00C04F79EFBC}") = "Social-Media-Activity-Feed", "Social-Media-Activity-Feed.csproj", "{850E0E9A-498C-2238-1494-1DD81B49ACDC}"
EndProject
Global
	GlobalSection(SolutionConfigurationPlatforms) = preSolution
		Debug|Any CPU = Debug|Any CPU
		Release|Any CPU = Release|Any CPU
	EndGlobalSection
	GlobalSection(ProjectConfigurationPlatforms) = postSolution
		{850E0E9A-498C-2238-1494-1DD81B49ACDC}.Debug|Any CPU.ActiveCfg = Debug|Any CPU
		{850E0E9A-498C-2238-1494-1DD81B49ACDC}.Debug|Any CPU.Build.0 = Debug|Any CPU
		{850E0E9A-498C-2238-1494-1DD81B49ACDC}.Release|Any CPU.ActiveCfg = Release|Any CPU
		{850E0E9A-498C-2238-1494-1DD81B49ACDC}.Release|Any CPU.Build.0 = Release|Any CPU
	EndGlobalSection
	GlobalSection(SolutionProperties) = preSolution
		HideSolutionNode = FALSE
	EndGlobalSection
	GlobalSection(ExtensibilityGlobals) = postSolution
		SolutionGuid = {F185EA72-9680-4938-8074-688EE09CCF6A}
	EndGlobalSection
EndGlobal
